
Microsoft Visual Studio Solution File, Format Version 12.00
# Visual Studio Version 17
VisualStudioVersion = 17.4.33205.214
MinimumVisualStudioVersion = 10.0.40219.1
Project("{FAE04EC0-301F-11D3-BF4B-00C04F79EFBC}") = "KOXP", "KOXP\KOXP.csproj", "{DB58736C-E2F5-49DF-B3B3-FE77B0F00FF7}"
EndProject
Global
	GlobalSection(SolutionConfigurationPlatforms) = preSolution
		Debug|Any CPU = Debug|Any CPU
		Release|Any CPU = Release|Any CPU
	EndGlobalSection
	GlobalSection(ProjectConfigurationPlatforms) = postSolution
		{DB58736C-E2F5-49DF-B3B3-FE77B0F00FF7}.Debug|Any CPU.ActiveCfg = Debug|Any CPU
		{DB58736C-E2F5-49DF-B3B3-FE77B0F00FF7}.Debug|Any CPU.Build.0 = Debug|Any CPU
		{DB58736C-E2F5-49DF-B3B3-FE77B0F00FF7}.Release|Any CPU.ActiveCfg = Release|Any CPU
		{DB58736C-E2F5-49DF-B3B3-FE77B0F00FF7}.Release|Any CPU.Build.0 = Release|Any CPU
	EndGlobalSection
	GlobalSection(SolutionProperties) = preSolution
		HideSolutionNode = FALSE
	EndGlobalSection
	GlobalSection(ExtensibilityGlobals) = postSolution
		SolutionGuid = {7FE75BC9-33AD-473A-BAD8-4AC76323142F}
	EndGlobalSection
EndGlobal
